
Microsoft Visual Studio Solution File, Format Version 12.00
# Visual Studio Version 17
VisualStudioVersion = 17.9.34616.47
MinimumVisualStudioVersion = 10.0.40219.1
Project("{9A19103F-16F7-4668-BE54-9A1E7A4F7556}") = "Book Management API", "Book Management API\Book Management API.csproj", "{A0072C27-2E69-4089-97BE-DB4BAA9FBF28}"
EndProject
Project("{9A19103F-16F7-4668-BE54-9A1E7A4F7556}") = "Book Management API Test", "Book Management API Test\Book Management API Test.csproj", "{8C824D7E-61BA-4D5F-9762-A9518734E3B7}"
EndProject
Global
	GlobalSection(SolutionConfigurationPlatforms) = preSolution
		Debug|Any CPU = Debug|Any CPU
		Release|Any CPU = Release|Any CPU
	EndGlobalSection
	GlobalSection(ProjectConfigurationPlatforms) = postSolution
		{A0072C27-2E69-4089-97BE-DB4BAA9FBF28}.Debug|Any CPU.ActiveCfg = Debug|Any CPU
		{A0072C27-2E69-4089-97BE-DB4BAA9FBF28}.Debug|Any CPU.Build.0 = Debug|Any CPU
		{A0072C27-2E69-4089-97BE-DB4BAA9FBF28}.Release|Any CPU.ActiveCfg = Release|Any CPU
		{A0072C27-2E69-4089-97BE-DB4BAA9FBF28}.Release|Any CPU.Build.0 = Release|Any CPU
		{8C824D7E-61BA-4D5F-9762-A9518734E3B7}.Debug|Any CPU.ActiveCfg = Debug|Any CPU
		{8C824D7E-61BA-4D5F-9762-A9518734E3B7}.Debug|Any CPU.Build.0 = Debug|Any CPU
		{8C824D7E-61BA-4D5F-9762-A9518734E3B7}.Release|Any CPU.ActiveCfg = Release|Any CPU
		{8C824D7E-61BA-4D5F-9762-A9518734E3B7}.Release|Any CPU.Build.0 = Release|Any CPU
	EndGlobalSection
	GlobalSection(SolutionProperties) = preSolution
		HideSolutionNode = FALSE
	EndGlobalSection
	GlobalSection(ExtensibilityGlobals) = postSolution
		SolutionGuid = {0DE53061-DDFA-4012-8679-8DB72C322E67}
	EndGlobalSection
EndGlobal
